{
  "name": "require-esm-imports",
  "version": "1.0.0",
  "lockfileVersion": 2,
  "requires": true,
  "packages": {
    "": {
      "name": "require-esm-imports",
      "version": "1.0.0",
      "license": "ISC",
      "dependencies": {
        "beeper": "^3.0.0"
      }
    },
    "node_modules/beeper": {
      "version": "3.0.0",
      "resolved": "https://registry.npmjs.org/beeper/-/beeper-3.0.0.tgz",
      "integrity": "sha512-8d0BXEuBIiPfmKvATnSCN58sGKCB3vy+lwORdSvfC5uN6OMlPj9/aVMXsmvt5dIvjjyxiuKYfMVWpiAh/kJr5w==",
      "dependencies": {
        "yoctodelay": "^1.2.0"
      },
      "engines": {
        "node": ">=12"
      },
      "funding": {
        "url": "https://github.com/sponsors/sindresorhus"
      }
    },
    "node_modules/yoctodelay": {
      "version": "1.2.0",
      "resolved": "https://registry.npmjs.org/yoctodelay/-/yoctodelay-1.2.0.tgz",
      "integrity": "sha512-12y/P9MSig9/5BEhBgylss+fkHiCRZCvYR81eH35NW9uw801cvJt31EAV+WOLcwZRZbLiIQl/hxcdXXXFmGvXg==",
      "engines": {
        "node": ">=4"
      }
    }
  },
  "dependencies": {
    "beeper": {
      "version": "3.0.0",
      "resolved": "https://registry.npmjs.org/beeper/-/beeper-3.0.0.tgz",
      "integrity": "sha512-8d0BXEuBIiPfmKvATnSCN58sGKCB3vy+lwORdSvfC5uN6OMlPj9/aVMXsmvt5dIvjjyxiuKYfMVWpiAh/kJr5w==",
      "requires": {
        "yoctodelay": "^1.2.0"
      }
    },
    "yoctodelay": {
      "version": "1.2.0",
      "resolved": "https://registry.npmjs.org/yoctodelay/-/yoctodelay-1.2.0.tgz",
      "integrity": "sha512-12y/P9MSig9/5BEhBgylss+fkHiCRZCvYR81eH35NW9uw801cvJt31EAV+WOLcwZRZbLiIQl/hxcdXXXFmGvXg=="
    }
  }
}
