{
  "name": "require-esm-imports",
  "version": "1.0.0",
  "lockfileVersion": 2,
  "requires": true,
  "packages": {
    "": {
      "name": "require-esm-imports",
      "version": "1.0.0",
      "license": "ISC",
      "dependencies": {
        "beeper": "^2.1.0"
      }
    },
    "node_modules/beeper": {
      "version": "2.1.0",
      "resolved": "https://registry.npmjs.org/beeper/-/beeper-2.1.0.tgz",
      "integrity": "sha512-85+CcymhlP0jM4fs4ZMiMRl58VthoN9NRdvi+knXiQpP2UggkSre+A9rOZ0c2g2Vh+pEF5ZAlT+k8dsJNoanAA==",
      "dependencies": {
        "yoctodelay": "^1.1.0"
      },
      "engines": {
        "node": ">=8"
      }
    },
    "node_modules/yoctodelay": {
      "version": "1.2.0",
      "resolved": "https://registry.npmjs.org/yoctodelay/-/yoctodelay-1.2.0.tgz",
      "integrity": "sha512-12y/P9MSig9/5BEhBgylss+fkHiCRZCvYR81eH35NW9uw801cvJt31EAV+WOLcwZRZbLiIQl/hxcdXXXFmGvXg==",
      "engines": {
        "node": ">=4"
      }
    }
  },
  "dependencies": {
    "beeper": {
      "version": "2.1.0",
      "resolved": "https://registry.npmjs.org/beeper/-/beeper-2.1.0.tgz",
      "integrity": "sha512-85+CcymhlP0jM4fs4ZMiMRl58VthoN9NRdvi+knXiQpP2UggkSre+A9rOZ0c2g2Vh+pEF5ZAlT+k8dsJNoanAA==",
      "requires": {
        "yoctodelay": "^1.1.0"
      }
    },
    "yoctodelay": {
      "version": "1.2.0",
      "resolved": "https://registry.npmjs.org/yoctodelay/-/yoctodelay-1.2.0.tgz",
      "integrity": "sha512-12y/P9MSig9/5BEhBgylss+fkHiCRZCvYR81eH35NW9uw801cvJt31EAV+WOLcwZRZbLiIQl/hxcdXXXFmGvXg=="
    }
  }
}
